{
  "name": "jacobs-holidays-for-alexa",
  "version": "1.0.0",
  "lockfileVersion": 1,
  "requires": true,
  "dependencies": {
    "ask-sdk-core": {
      "version": "2.12.1",
      "resolved": "https://registry.npmjs.org/ask-sdk-core/-/ask-sdk-core-2.12.1.tgz",
      "integrity": "sha512-2fT7XkHfuI0I6g12Y4mztgzmz7SwrKli8Z2p+eut1dVk8t5BHxWVXZCOVI5GVhW0DJbWwhjPSfOTAZX+zPoKEA==",
      "requires": {
        "ask-sdk-runtime": "^2.12.0"
      }
    },
    "ask-sdk-model": {
      "version": "1.39.0",
      "resolved": "https://registry.npmjs.org/ask-sdk-model/-/ask-sdk-model-1.39.0.tgz",
      "integrity": "sha512-U3/+Q/EjHTjWpCFv85AX4a+dDBz61PtdUQSGVofsE7l1U2ouz+VS5pBzNFpn2cU/tJ4ehb87oWn8LXIpepBW3g=="
    },
    "ask-sdk-runtime": {
      "version": "2.12.0",
      "resolved": "https://registry.npmjs.org/ask-sdk-runtime/-/ask-sdk-runtime-2.12.0.tgz",
      "integrity": "sha512-5vNTQCjWVnT74Aa39gqBAm3Gvwald0Uu4B1IU4mPTCbBzqEM1XkXkhIc8CWXQOuK7S2SsebjAHEBinrZo+T6lQ=="
    },
    "axios": {
      "version": "0.26.1",
      "resolved": "https://registry.npmjs.org/axios/-/axios-0.26.1.tgz",
      "integrity": "sha512-fPwcX4EvnSHuInCMItEhAGnaSEXRBjtzh9fOtsE6E1G6p7vl7edEeZe11QHf18+6+9gR5PbKV/sGKNaD8YaMeA==",
      "requires": {
        "follow-redirects": "^1.14.8"
      }
    },
    "dateformat": {
      "version": "5.0.3",
      "resolved": "https://registry.npmjs.org/dateformat/-/dateformat-5.0.3.tgz",
      "integrity": "sha512-Kvr6HmPXUMerlLcLF+Pwq3K7apHpYmGDVqrxcDasBg86UcKeTSNWbEzU8bwdXnxnR44FtMhJAxI4Bov6Y/KUfA=="
    },
    "follow-redirects": {
      "version": "1.14.9",
      "resolved": "https://registry.npmjs.org/follow-redirects/-/follow-redirects-1.14.9.tgz",
      "integrity": "sha512-MQDfihBQYMcyy5dhRDJUHcw7lb2Pv/TuE6xP1vyraLukNDHKbDxDNaOE3NbCAdKQApno+GPRyo1YAp89yCjK4w=="
    }
  }
}
