{
  "name": "jacobs-holidays-for-alexa",
  "version": "1.0.0",
  "lockfileVersion": 1,
  "requires": true,
  "dependencies": {
    "ask-sdk-core": {
      "version": "2.12.0",
      "resolved": "https://registry.npmjs.org/ask-sdk-core/-/ask-sdk-core-2.12.0.tgz",
      "integrity": "sha512-K+jnoEgWL0vCvWdnw0ioQTszdZrRWv9FN1SzxOM+zc9kFMqXc4kAv/eCHPMi4rExMAztyJXbRStfBL/Morv/PA==",
      "requires": {
        "ask-sdk-runtime": "^2.12.0"
      }
    },
    "ask-sdk-model": {
      "version": "1.37.2",
      "resolved": "https://registry.npmjs.org/ask-sdk-model/-/ask-sdk-model-1.37.2.tgz",
      "integrity": "sha512-Fh0fgnxwJE3qBi5lqgbrAudeuycxUU8LwaTiIKceq+seKsA3SWAa+5cpnF6pslkwTekRc80jpiq0FaDnzF4Qsw=="
    },
    "ask-sdk-runtime": {
      "version": "2.12.0",
      "resolved": "https://registry.npmjs.org/ask-sdk-runtime/-/ask-sdk-runtime-2.12.0.tgz",
      "integrity": "sha512-5vNTQCjWVnT74Aa39gqBAm3Gvwald0Uu4B1IU4mPTCbBzqEM1XkXkhIc8CWXQOuK7S2SsebjAHEBinrZo+T6lQ=="
    },
    "axios": {
      "version": "0.25.0",
      "resolved": "https://registry.npmjs.org/axios/-/axios-0.25.0.tgz",
      "integrity": "sha512-cD8FOb0tRH3uuEe6+evtAbgJtfxr7ly3fQjYcMcuPlgkwVS9xboaVIpcDV+cYQe+yGykgwZCs1pzjntcGa6l5g==",
      "requires": {
        "follow-redirects": "^1.14.7"
      }
    },
    "dateformat": {
      "version": "5.0.2",
      "resolved": "https://registry.npmjs.org/dateformat/-/dateformat-5.0.2.tgz",
      "integrity": "sha512-h9vywpuz+ReixnJTwFx5JLtZpS8eLCbRm8shwwKkCKOZA547N6yoMtD3W91Z6+NFZ8wOaZlcaCcK/w+kELhSVg=="
    },
    "follow-redirects": {
      "version": "1.14.7",
      "resolved": "https://registry.npmjs.org/follow-redirects/-/follow-redirects-1.14.7.tgz",
      "integrity": "sha512-+hbxoLbFMbRKDwohX8GkTataGqO6Jb7jGwpAlwgy2bIz25XtRm7KEzJM76R1WiNT5SwZkX4Y75SwBolkpmE7iQ=="
    }
  }
}
