{
  "name": "jacobs-holidays-for-alexa",
  "version": "1.0.0",
  "lockfileVersion": 1,
  "requires": true,
  "dependencies": {
    "ask-sdk-core": {
      "version": "2.10.1",
      "resolved": "https://registry.npmjs.org/ask-sdk-core/-/ask-sdk-core-2.10.1.tgz",
      "integrity": "sha512-C6NaCccoJQaMJYoRlFvS4Yzk3pPTjZF3qAOEyYPZVqOkscZSz0PW25jPhLDwRYp2ynnQbqK9cd6N1APH0Xru7w==",
      "requires": {
        "ask-sdk-runtime": "^2.10.1"
      }
    },
    "ask-sdk-model": {
      "version": "1.34.1",
      "resolved": "https://registry.npmjs.org/ask-sdk-model/-/ask-sdk-model-1.34.1.tgz",
      "integrity": "sha512-bnKzRczfmk7uYHtPNFxQbngwUCB7wnL/bAgOKXYehDKiRX3kpoIoZPzpCadSPp9OcyN7Iq6CW1zkADW5IT6CLA=="
    },
    "ask-sdk-runtime": {
      "version": "2.10.1",
      "resolved": "https://registry.npmjs.org/ask-sdk-runtime/-/ask-sdk-runtime-2.10.1.tgz",
      "integrity": "sha512-BFEs0UFGvjpKmbYSVhcFa1Oh+eyfCkWULanV+mWTxHTJ7aeB+UsZ8TvkDWZOnHsn0shAFtvkmun4tjx8eOR7uA=="
    },
    "axios": {
      "version": "0.21.1",
      "resolved": "https://registry.npmjs.org/axios/-/axios-0.21.1.tgz",
      "integrity": "sha512-dKQiRHxGD9PPRIUNIWvZhPTPpl1rf/OxTYKsqKUDjBwYylTvV7SjSHJb9ratfyzM6wCdLCOYLzs73qpg5c4iGA==",
      "requires": {
        "follow-redirects": "^1.10.0"
      }
    },
    "dateformat": {
      "version": "4.5.0",
      "resolved": "https://registry.npmjs.org/dateformat/-/dateformat-4.5.0.tgz",
      "integrity": "sha512-YkS64mgmj9At0Ua9p3qyqoHqjqkOTV/FGCluRIcrFNbhFmltQGl2x/DFBgpbRRPTNPoyxfzjqgNaGYjMbfnsdg=="
    },
    "follow-redirects": {
      "version": "1.13.1",
      "resolved": "https://registry.npmjs.org/follow-redirects/-/follow-redirects-1.13.1.tgz",
      "integrity": "sha512-SSG5xmZh1mkPGyKzjZP8zLjltIfpW32Y5QpdNJyjcfGxK3qo3NDDkZOZSFiGn1A6SclQxY9GzEwAHQ3dmYRWpg=="
    }
  }
}
